
Microsoft Visual Studio Solution File, Format Version 12.00
# Visual Studio Version 17
VisualStudioVersion = 17.11.35222.181
MinimumVisualStudioVersion = 10.0.40219.1
Project("{8BC9CEB8-8B4A-11D0-8D11-00A0C91BC942}") = "JobSystem", "JobSystem\JobSystem.vcxproj", "{33C01F57-D150-4921-BA58-60CDC5762001}"
EndProject
Global
	GlobalSection(SolutionConfigurationPlatforms) = preSolution
		Debug|x64 = Debug|x64
		Debug|x86 = Debug|x86
		Release|x64 = Release|x64
		Release|x86 = Release|x86
	EndGlobalSection
	GlobalSection(ProjectConfigurationPlatforms) = postSolution
		{33C01F57-D150-4921-BA58-60CDC5762001}.Debug|x64.ActiveCfg = Debug|x64
		{33C01F57-D150-4921-BA58-60CDC5762001}.Debug|x64.Build.0 = Debug|x64
		{33C01F57-D150-4921-BA58-60CDC5762001}.Debug|x86.ActiveCfg = Debug|Win32
		{33C01F57-D150-4921-BA58-60CDC5762001}.Debug|x86.Build.0 = Debug|Win32
		{33C01F57-D150-4921-BA58-60CDC5762001}.Release|x64.ActiveCfg = Release|x64
		{33C01F57-D150-4921-BA58-60CDC5762001}.Release|x64.Build.0 = Release|x64
		{33C01F57-D150-4921-BA58-60CDC5762001}.Release|x86.ActiveCfg = Release|Win32
		{33C01F57-D150-4921-BA58-60CDC5762001}.Release|x86.Build.0 = Release|Win32
	EndGlobalSection
	GlobalSection(SolutionProperties) = preSolution
		HideSolutionNode = FALSE
	EndGlobalSection
	GlobalSection(ExtensibilityGlobals) = postSolution
		SolutionGuid = {0FBA7127-53B5-45B8-962C-9F48BC7C6C55}
	EndGlobalSection
EndGlobal
